
Microsoft Visual Studio Solution File, Format Version 12.00
# Visual Studio 15
VisualStudioVersion = 15.0.28307.438
MinimumVisualStudioVersion = 10.0.40219.1
Project("{FAE04EC0-301F-11D3-BF4B-00C04F79EFBC}") = "Recipe Calculator", "Recipe Calculator\Recipe Calculator.csproj", "{E50A9649-2D4E-4463-99F2-1EBEFE09507C}"
EndProject
Global
	GlobalSection(SolutionConfigurationPlatforms) = preSolution
		Debug|Any CPU = Debug|Any CPU
		Release|Any CPU = Release|Any CPU
	EndGlobalSection
	GlobalSection(ProjectConfigurationPlatforms) = postSolution
		{E50A9649-2D4E-4463-99F2-1EBEFE09507C}.Debug|Any CPU.ActiveCfg = Debug|Any CPU
		{E50A9649-2D4E-4463-99F2-1EBEFE09507C}.Debug|Any CPU.Build.0 = Debug|Any CPU
		{E50A9649-2D4E-4463-99F2-1EBEFE09507C}.Release|Any CPU.ActiveCfg = Release|Any CPU
		{E50A9649-2D4E-4463-99F2-1EBEFE09507C}.Release|Any CPU.Build.0 = Release|Any CPU
	EndGlobalSection
	GlobalSection(SolutionProperties) = preSolution
		HideSolutionNode = FALSE
	EndGlobalSection
	GlobalSection(ExtensibilityGlobals) = postSolution
		SolutionGuid = {44BC968A-2BA9-42C9-A713-1D4C1CA41324}
	EndGlobalSection
EndGlobal
